<?xml version="1.0" encoding="utf-8"?>
<Project ToolsVersion="4.0" xmlns="http://schemas.microsoft.com/developer/msbuild/2003">
  <ItemGroup>
    <Filter Include="资源文件">
      <UniqueIdentifier>{67DA6AB6-F800-4c08-8B7A-83BB121AAD01}</UniqueIdentifier>
      <Extensions>rc;ico;cur;bmp;dlg;rc2;rct;bin;rgs;gif;jpg;jpeg;jpe;resx;tiff;tif;png;wav;mfcribbon-ms</Extensions>
    </Filter>
    <Filter Include="vector">
      <UniqueIdentifier>{f6dd9859-033b-4c80-9907-a5ac02a8606d}</UniqueIdentifier>
    </Filter>
    <Filter Include="vector\头文件">
      <UniqueIdentifier>{17a51059-c0bf-4ef2-85eb-5fc344b1617a}</UniqueIdentifier>
    </Filter>
    <Filter Include="vector\源文件">
      <UniqueIdentifier>{daeadf4c-fedf-48ea-bf07-01ad52349ab5}</UniqueIdentifier>
    </Filter>
    <Filter Include="list">
      <UniqueIdentifier>{db2176bc-521d-41d6-a021-af6bc4060fb8}</UniqueIdentifier>
    </Filter>
    <Filter Include="stack&amp;queue">
      <UniqueIdentifier>{0541b973-3e92-44e0-9bfc-435da62865e6}</UniqueIdentifier>
    </Filter>
    <Filter Include="uniprint">
      <UniqueIdentifier>{f9537932-6e0a-4034-bca3-8abfd45a6316}</UniqueIdentifier>
    </Filter>
    <Filter Include="uniprint\头文件">
      <UniqueIdentifier>{d97268da-ae53-4f3d-b738-1f98bfcaf7c2}</UniqueIdentifier>
    </Filter>
    <Filter Include="uniprint\源文件">
      <UniqueIdentifier>{22903286-f4ae-402c-9e47-f92269ab5c9d}</UniqueIdentifier>
    </Filter>
    <Filter Include="fibonacci">
      <UniqueIdentifier>{ed410b19-754a-4b38-ab91-2504ece8bff1}</UniqueIdentifier>
    </Filter>
  </ItemGroup>
  <ItemGroup>
    <ClCompile Include="vector\main.cpp">
      <Filter>vector\源文件</Filter>
    </ClCompile>
  </ItemGroup>
  <ItemGroup>
    <ClInclude Include="vector\vector.h">
      <Filter>vector\头文件</Filter>
    </ClInclude>
    <ClInclude Include="vector\vector_constructor_by_copying.h">
      <Filter>vector\头文件</Filter>
    </ClInclude>
    <ClInclude Include="vector\vector_implementation.h">
      <Filter>vector\头文件</Filter>
    </ClInclude>
    <ClInclude Include="vector\vector_assignment.h">
      <Filter>vector\头文件</Filter>
    </ClInclude>
    <ClInclude Include="vector\vector_expand.h">
      <Filter>vector\头文件</Filter>
    </ClInclude>
    <ClInclude Include="vector\vector_shrink.h">
      <Filter>vector\头文件</Filter>
    </ClInclude>
    <ClInclude Include="vector\vector_bracket.h">
      <Filter>vector\头文件</Filter>
    </ClInclude>
    <ClInclude Include="vector\permute.h">
      <Filter>vector\头文件</Filter>
    </ClInclude>
    <ClInclude Include="vector\vector_unsort.h">
      <Filter>vector\头文件</Filter>
    </ClInclude>
    <ClInclude Include="vector\vector_find.h">
      <Filter>vector\头文件</Filter>
    </ClInclude>
    <ClInclude Include="vector\vector_insert.h">
      <Filter>vector\头文件</Filter>
    </ClInclude>
    <ClInclude Include="vector\vector_remove.h">
      <Filter>vector\头文件</Filter>
    </ClInclude>
    <ClInclude Include="vector\vector_deduplicate.h">
      <Filter>vector\头文件</Filter>
    </ClInclude>
    <ClInclude Include="vector\vector_traverse.h">
      <Filter>vector\头文件</Filter>
    </ClInclude>
    <ClInclude Include="uniprint\print.h">
      <Filter>uniprint\头文件</Filter>
    </ClInclude>
    <ClInclude Include="vector\vector_disordered.h">
      <Filter>vector\头文件</Filter>
    </ClInclude>
    <ClInclude Include="vector\vector_uniquify.h">
      <Filter>vector\头文件</Filter>
    </ClInclude>
    <ClInclude Include="vector\vector_search.h">
      <Filter>vector\头文件</Filter>
    </ClInclude>
    <ClInclude Include="fibonacci\fib.h">
      <Filter>fibonacci</Filter>
    </ClInclude>
    <ClInclude Include="vector\vector_sort.h">
      <Filter>vector\头文件</Filter>
    </ClInclude>
    <ClInclude Include="vector\vector_bubblesort.h">
      <Filter>vector\头文件</Filter>
    </ClInclude>
    <ClInclude Include="vector\vector_mergesort.h">
      <Filter>vector\头文件</Filter>
    </ClInclude>
  </ItemGroup>
  <ItemGroup>
    <None Include="cpp.hint" />
  </ItemGroup>
</Project>